
Microsoft Visual Studio Solution File, Format Version 12.00
# Visual Studio Version 17
VisualStudioVersion = 17.8.34322.80
MinimumVisualStudioVersion = 10.0.40219.1
Project("{FAE04EC0-301F-11D3-BF4B-00C04F79EFBC}") = "Icecream", "Icecream\Icecream.csproj", "{1C26B682-87F8-4FEA-87F9-030CCD3CBFA6}"
EndProject
Global
	GlobalSection(SolutionConfigurationPlatforms) = preSolution
		Debug|Any CPU = Debug|Any CPU
		Release|Any CPU = Release|Any CPU
	EndGlobalSection
	GlobalSection(ProjectConfigurationPlatforms) = postSolution
		{1C26B682-87F8-4FEA-87F9-030CCD3CBFA6}.Debug|Any CPU.ActiveCfg = Debug|Any CPU
		{1C26B682-87F8-4FEA-87F9-030CCD3CBFA6}.Debug|Any CPU.Build.0 = Debug|Any CPU
		{1C26B682-87F8-4FEA-87F9-030CCD3CBFA6}.Release|Any CPU.ActiveCfg = Release|Any CPU
		{1C26B682-87F8-4FEA-87F9-030CCD3CBFA6}.Release|Any CPU.Build.0 = Release|Any CPU
	EndGlobalSection
	GlobalSection(SolutionProperties) = preSolution
		HideSolutionNode = FALSE
	EndGlobalSection
	GlobalSection(ExtensibilityGlobals) = postSolution
		SolutionGuid = {89FE091B-500C-475D-89CB-6C32723255D9}
	EndGlobalSection
EndGlobal
